
Microsoft Visual Studio Solution File, Format Version 12.00
# Visual Studio Version 16
VisualStudioVersion = 16.0.29215.179
MinimumVisualStudioVersion = 10.0.40219.1
Project("{9A19103F-16F7-4668-BE54-9A1E7A4F7556}") = "portfolio", "portfolio\portfolio.csproj", "{56AC18AF-6AB0-418A-976E-DDCC294B019A}"
EndProject
Project("{9A19103F-16F7-4668-BE54-9A1E7A4F7556}") = "portfolio.tests", "portfolio.tests\portfolio.tests.csproj", "{AB73BAF2-6484-4617-9008-A8CF5724449C}"
EndProject
Global
	GlobalSection(SolutionConfigurationPlatforms) = preSolution
		Debug|Any CPU = Debug|Any CPU
		Release|Any CPU = Release|Any CPU
	EndGlobalSection
	GlobalSection(ProjectConfigurationPlatforms) = postSolution
		{56AC18AF-6AB0-418A-976E-DDCC294B019A}.Debug|Any CPU.ActiveCfg = Debug|Any CPU
		{56AC18AF-6AB0-418A-976E-DDCC294B019A}.Debug|Any CPU.Build.0 = Debug|Any CPU
		{56AC18AF-6AB0-418A-976E-DDCC294B019A}.Release|Any CPU.ActiveCfg = Release|Any CPU
		{56AC18AF-6AB0-418A-976E-DDCC294B019A}.Release|Any CPU.Build.0 = Release|Any CPU
		{AB73BAF2-6484-4617-9008-A8CF5724449C}.Debug|Any CPU.ActiveCfg = Debug|Any CPU
		{AB73BAF2-6484-4617-9008-A8CF5724449C}.Debug|Any CPU.Build.0 = Debug|Any CPU
		{AB73BAF2-6484-4617-9008-A8CF5724449C}.Release|Any CPU.ActiveCfg = Release|Any CPU
		{AB73BAF2-6484-4617-9008-A8CF5724449C}.Release|Any CPU.Build.0 = Release|Any CPU
	EndGlobalSection
	GlobalSection(SolutionProperties) = preSolution
		HideSolutionNode = FALSE
	EndGlobalSection
	GlobalSection(ExtensibilityGlobals) = postSolution
		SolutionGuid = {D576F5C3-C1E5-4905-AB52-6EA5B10702D8}
	EndGlobalSection
EndGlobal
